
Microsoft Visual Studio Solution File, Format Version 12.00
# Visual Studio Version 16
VisualStudioVersion = 16.0.30717.126
MinimumVisualStudioVersion = 10.0.40219.1
Project("{FAE04EC0-301F-11D3-BF4B-00C04F79EFBC}") = "DCount", "DCount\DCount.csproj", "{F982168F-621F-4B79-9501-EF5FF6A0531F}"
EndProject
Global
	GlobalSection(SolutionConfigurationPlatforms) = preSolution
		Debug|Any CPU = Debug|Any CPU
		Release|Any CPU = Release|Any CPU
	EndGlobalSection
	GlobalSection(ProjectConfigurationPlatforms) = postSolution
		{F982168F-621F-4B79-9501-EF5FF6A0531F}.Debug|Any CPU.ActiveCfg = Debug|Any CPU
		{F982168F-621F-4B79-9501-EF5FF6A0531F}.Debug|Any CPU.Build.0 = Debug|Any CPU
		{F982168F-621F-4B79-9501-EF5FF6A0531F}.Release|Any CPU.ActiveCfg = Release|Any CPU
		{F982168F-621F-4B79-9501-EF5FF6A0531F}.Release|Any CPU.Build.0 = Release|Any CPU
	EndGlobalSection
	GlobalSection(SolutionProperties) = preSolution
		HideSolutionNode = FALSE
	EndGlobalSection
	GlobalSection(ExtensibilityGlobals) = postSolution
		SolutionGuid = {AEC6C2A5-0458-4317-B0D4-31334DB82C9F}
	EndGlobalSection
EndGlobal
